{
  "nodes": {
    "fdb-overlay": {
      "inputs": {
        "nixpkgs": [
          "nixpkgs"
        ]
      },
      "locked": {
        "lastModified": 1703079956,
        "narHash": "sha256-YOi+aHSpYLZAQsx0yZutgHA2xSQtBZfVIk2OzCAoYi4=",
        "owner": "foundationdb-rs",
        "repo": "overlay",
        "rev": "520f6bee10d5d573a3b04238e4c6bb5f56dd1ae9",
        "type": "github"
      },
      "original": {
        "owner": "foundationdb-rs",
        "repo": "overlay",
        "type": "github"
      }
    },
    "nixpkgs": {
      "locked": {
        "lastModified": 1737885589,
        "narHash": "sha256-Zf0hSrtzaM1DEz8//+Xs51k/wdSajticVrATqDrfQjg=",
        "owner": "nixos",
        "repo": "nixpkgs",
        "rev": "852ff1d9e153d8875a83602e03fdef8a63f0ecf8",
        "type": "github"
      },
      "original": {
        "owner": "nixos",
        "ref": "nixos-unstable",
        "repo": "nixpkgs",
        "type": "github"
      }
    },
    "root": {
      "inputs": {
        "fdb-overlay": "fdb-overlay",
        "nixpkgs": "nixpkgs"
      }
    }
  },
  "root": "root",
  "version": 7
}
